
Microsoft Visual Studio Solution File, Format Version 12.00
# Visual Studio Version 17
VisualStudioVersion = 17.4.33213.308
MinimumVisualStudioVersion = 10.0.40219.1
Project("{FAE04EC0-301F-11D3-BF4B-00C04F79EFBC}") = "OPP 1", "OPP 1\OPP 1.csproj", "{07AF1DC7-F882-4FDD-97AE-D88D36321485}"
EndProject
Global
	GlobalSection(SolutionConfigurationPlatforms) = preSolution
		Debug|Any CPU = Debug|Any CPU
		Release|Any CPU = Release|Any CPU
	EndGlobalSection
	GlobalSection(ProjectConfigurationPlatforms) = postSolution
		{07AF1DC7-F882-4FDD-97AE-D88D36321485}.Debug|Any CPU.ActiveCfg = Debug|Any CPU
		{07AF1DC7-F882-4FDD-97AE-D88D36321485}.Debug|Any CPU.Build.0 = Debug|Any CPU
		{07AF1DC7-F882-4FDD-97AE-D88D36321485}.Release|Any CPU.ActiveCfg = Release|Any CPU
		{07AF1DC7-F882-4FDD-97AE-D88D36321485}.Release|Any CPU.Build.0 = Release|Any CPU
	EndGlobalSection
	GlobalSection(SolutionProperties) = preSolution
		HideSolutionNode = FALSE
	EndGlobalSection
	GlobalSection(ExtensibilityGlobals) = postSolution
		SolutionGuid = {7F51A42C-A6A7-49C0-8935-9B58BDF2670F}
	EndGlobalSection
EndGlobal
